
Microsoft Visual Studio Solution File, Format Version 12.00
# Visual Studio 15
VisualStudioVersion = 15.0.28307.271
MinimumVisualStudioVersion = 10.0.40219.1
Project("{8BC9CEB8-8B4A-11D0-8D11-00A0C91BC942}") = "w1_in_lab", "w1_in_lab\w1_in_lab.vcxproj", "{BCACE91F-3603-4B17-BE10-B88A57F227F5}"
EndProject
Global
	GlobalSection(SolutionConfigurationPlatforms) = preSolution
		Debug|x64 = Debug|x64
		Debug|x86 = Debug|x86
		Release|x64 = Release|x64
		Release|x86 = Release|x86
	EndGlobalSection
	GlobalSection(ProjectConfigurationPlatforms) = postSolution
		{BCACE91F-3603-4B17-BE10-B88A57F227F5}.Debug|x64.ActiveCfg = Debug|x64
		{BCACE91F-3603-4B17-BE10-B88A57F227F5}.Debug|x64.Build.0 = Debug|x64
		{BCACE91F-3603-4B17-BE10-B88A57F227F5}.Debug|x86.ActiveCfg = Debug|Win32
		{BCACE91F-3603-4B17-BE10-B88A57F227F5}.Debug|x86.Build.0 = Debug|Win32
		{BCACE91F-3603-4B17-BE10-B88A57F227F5}.Release|x64.ActiveCfg = Release|x64
		{BCACE91F-3603-4B17-BE10-B88A57F227F5}.Release|x64.Build.0 = Release|x64
		{BCACE91F-3603-4B17-BE10-B88A57F227F5}.Release|x86.ActiveCfg = Release|Win32
		{BCACE91F-3603-4B17-BE10-B88A57F227F5}.Release|x86.Build.0 = Release|Win32
	EndGlobalSection
	GlobalSection(SolutionProperties) = preSolution
		HideSolutionNode = FALSE
	EndGlobalSection
	GlobalSection(ExtensibilityGlobals) = postSolution
		SolutionGuid = {2FBAD43A-A6E3-4CE7-A18F-AD0CCE8EF8A1}
	EndGlobalSection
EndGlobal
